
Microsoft Visual Studio Solution File, Format Version 12.00
# Visual Studio 2013
VisualStudioVersion = 12.0.21005.1
MinimumVisualStudioVersion = 10.0.40219.1
Project("{FAE04EC0-301F-11D3-BF4B-00C04F79EFBC}") = "Sabong.Business", "Sabong.Business\Sabong.Business.csproj", "{9E6E6945-3466-41E3-97E0-A6699DF91AC8}"
EndProject
Project("{FAE04EC0-301F-11D3-BF4B-00C04F79EFBC}") = "Sabong.Repository", "Sabong.Repository\Sabong.Repository.csproj", "{66E57BB2-4B49-4AC3-9229-315E974E38E5}"
EndProject
Project("{FAE04EC0-301F-11D3-BF4B-00C04F79EFBC}") = "Sabong.Test", "Sabong.Test\Sabong.Test.csproj", "{48146FC8-0ED9-4B64-B543-DFF4C909E916}"
EndProject
Project("{E24C65DC-7377-472B-9ABA-BC803B73C61A}") = "Sabong.Site", "http://localhost:10501", "{DD5C7B3D-BF80-4BC5-8FAB-0626ACBA2A79}"
	ProjectSection(WebsiteProperties) = preProject
		UseIISExpress = "true"
		TargetFrameworkMoniker = ".NETFramework,Version%3Dv4.5"
		ProjectReferences = "{9e6e6945-3466-41e3-97e0-a6699df91ac8}|Sabong.Business.dll;{66E57BB2-4B49-4AC3-9229-315E974E38E5}|Sabong.Repository.dll;"
		Debug.AspNetCompiler.VirtualPath = "/localhost_10501"
		Debug.AspNetCompiler.PhysicalPath = "Sabong.Site\"
		Debug.AspNetCompiler.TargetPath = "PrecompiledWeb\localhost_10501\"
		Debug.AspNetCompiler.Updateable = "true"
		Debug.AspNetCompiler.ForceOverwrite = "true"
		Debug.AspNetCompiler.FixedNames = "false"
		Debug.AspNetCompiler.Debug = "True"
		Release.AspNetCompiler.VirtualPath = "/localhost_10501"
		Release.AspNetCompiler.PhysicalPath = "Sabong.Site\"
		Release.AspNetCompiler.TargetPath = "PrecompiledWeb\localhost_10501\"
		Release.AspNetCompiler.Updateable = "true"
		Release.AspNetCompiler.ForceOverwrite = "true"
		Release.AspNetCompiler.FixedNames = "false"
		Release.AspNetCompiler.Debug = "False"
		SlnRelativePath = "Sabong.Site\"
	EndProjectSection
EndProject
Project("{9092AA53-FB77-4645-B42D-1CCCA6BD08BD}") = "ExpressApp2", "ExpressApp2\ExpressApp2.njsproj", "{2D2A17D3-F3F0-47D4-A344-7CD6E5B06626}"
EndProject
Project("{2150E333-8FDC-42A3-9474-1A3956D46DE8}") = "DLL", "DLL", "{67962479-12CF-4C9D-AEDB-AE15CFB03754}"
	ProjectSection(SolutionItems) = preProject
		DLL\Newtonsoft.Json.dll = DLL\Newtonsoft.Json.dll
	EndProjectSection
EndProject
Global
	GlobalSection(SolutionConfigurationPlatforms) = preSolution
		Debug|Any CPU = Debug|Any CPU
		Release|Any CPU = Release|Any CPU
	EndGlobalSection
	GlobalSection(ProjectConfigurationPlatforms) = postSolution
		{9E6E6945-3466-41E3-97E0-A6699DF91AC8}.Debug|Any CPU.ActiveCfg = Debug|Any CPU
		{9E6E6945-3466-41E3-97E0-A6699DF91AC8}.Debug|Any CPU.Build.0 = Debug|Any CPU
		{9E6E6945-3466-41E3-97E0-A6699DF91AC8}.Release|Any CPU.ActiveCfg = Release|Any CPU
		{9E6E6945-3466-41E3-97E0-A6699DF91AC8}.Release|Any CPU.Build.0 = Release|Any CPU
		{66E57BB2-4B49-4AC3-9229-315E974E38E5}.Debug|Any CPU.ActiveCfg = Debug|Any CPU
		{66E57BB2-4B49-4AC3-9229-315E974E38E5}.Debug|Any CPU.Build.0 = Debug|Any CPU
		{66E57BB2-4B49-4AC3-9229-315E974E38E5}.Release|Any CPU.ActiveCfg = Release|Any CPU
		{66E57BB2-4B49-4AC3-9229-315E974E38E5}.Release|Any CPU.Build.0 = Release|Any CPU
		{48146FC8-0ED9-4B64-B543-DFF4C909E916}.Debug|Any CPU.ActiveCfg = Debug|Any CPU
		{48146FC8-0ED9-4B64-B543-DFF4C909E916}.Debug|Any CPU.Build.0 = Debug|Any CPU
		{48146FC8-0ED9-4B64-B543-DFF4C909E916}.Release|Any CPU.ActiveCfg = Release|Any CPU
		{48146FC8-0ED9-4B64-B543-DFF4C909E916}.Release|Any CPU.Build.0 = Release|Any CPU
		{DD5C7B3D-BF80-4BC5-8FAB-0626ACBA2A79}.Debug|Any CPU.ActiveCfg = Debug|Any CPU
		{DD5C7B3D-BF80-4BC5-8FAB-0626ACBA2A79}.Debug|Any CPU.Build.0 = Debug|Any CPU
		{DD5C7B3D-BF80-4BC5-8FAB-0626ACBA2A79}.Release|Any CPU.ActiveCfg = Debug|Any CPU
		{DD5C7B3D-BF80-4BC5-8FAB-0626ACBA2A79}.Release|Any CPU.Build.0 = Debug|Any CPU
		{2D2A17D3-F3F0-47D4-A344-7CD6E5B06626}.Debug|Any CPU.ActiveCfg = Debug|Any CPU
		{2D2A17D3-F3F0-47D4-A344-7CD6E5B06626}.Debug|Any CPU.Build.0 = Debug|Any CPU
		{2D2A17D3-F3F0-47D4-A344-7CD6E5B06626}.Release|Any CPU.ActiveCfg = Release|Any CPU
		{2D2A17D3-F3F0-47D4-A344-7CD6E5B06626}.Release|Any CPU.Build.0 = Release|Any CPU
	EndGlobalSection
	GlobalSection(SolutionProperties) = preSolution
		HideSolutionNode = FALSE
	EndGlobalSection
EndGlobal
